{
  "requires": true,
  "lockfileVersion": 1,
  "dependencies": {
    "fira": {
      "version": "1.0.0",
      "resolved": "https://registry.npmjs.org/fira/-/fira-1.0.0.tgz",
      "integrity": "sha512-203k9CFZi287kJS7xBIHnTLTbX+mLsqqvWrF+Wq1ZDOY/+T3Iw39oGWzJtKe1BAuJ3Hb2VZR+jnMnTpEY78NMw=="
    }
  }
}
